
Microsoft Visual Studio Solution File, Format Version 12.00
# Visual Studio 15
VisualStudioVersion = 15.0.27428.2037
MinimumVisualStudioVersion = 10.0.40219.1
Project("{FAE04EC0-301F-11D3-BF4B-00C04F79EFBC}") = "ESFA.DC.Mapping.Interface", "ESFA.DC.Mapping.Interface\ESFA.DC.Mapping.Interface.csproj", "{C93A3079-1BBE-457B-82F7-96A2AB44C55C}"
EndProject
Global
	GlobalSection(SolutionConfigurationPlatforms) = preSolution
		Debug|Any CPU = Debug|Any CPU
		Release|Any CPU = Release|Any CPU
	EndGlobalSection
	GlobalSection(ProjectConfigurationPlatforms) = postSolution
		{C93A3079-1BBE-457B-82F7-96A2AB44C55C}.Debug|Any CPU.ActiveCfg = Debug|Any CPU
		{C93A3079-1BBE-457B-82F7-96A2AB44C55C}.Debug|Any CPU.Build.0 = Debug|Any CPU
		{C93A3079-1BBE-457B-82F7-96A2AB44C55C}.Release|Any CPU.ActiveCfg = Release|Any CPU
		{C93A3079-1BBE-457B-82F7-96A2AB44C55C}.Release|Any CPU.Build.0 = Release|Any CPU
	EndGlobalSection
	GlobalSection(SolutionProperties) = preSolution
		HideSolutionNode = FALSE
	EndGlobalSection
	GlobalSection(ExtensibilityGlobals) = postSolution
		SolutionGuid = {B2A67B46-5CB6-4EA7-A709-472388E97EBF}
	EndGlobalSection
EndGlobal
